{
  "name": "dev-shortcuts",
  "version": "1.0.0",
  "lockfileVersion": 3,
  "requires": true,
  "packages": {
    "": {
      "name": "dev-shortcuts",
      "version": "1.0.0",
      "license": "MIT",
      "bin": {
        "dev-shortcuts": "bin/install.js"
      },
      "engines": {
        "node": ">=14"
      }
    }
  }
}
